
Microsoft Visual Studio Solution File, Format Version 12.00
# Visual Studio Version 17
VisualStudioVersion = 17.7.34221.43
MinimumVisualStudioVersion = 10.0.40219.1
Project("{FAE04EC0-301F-11D3-BF4B-00C04F79EFBC}") = "TravelTripProje", "TravelTripProje\TravelTripProje.csproj", "{8BD383CA-984D-4D14-B529-B6857B608C2C}"
EndProject
Global
	GlobalSection(SolutionConfigurationPlatforms) = preSolution
		Debug|Any CPU = Debug|Any CPU
		Release|Any CPU = Release|Any CPU
	EndGlobalSection
	GlobalSection(ProjectConfigurationPlatforms) = postSolution
		{8BD383CA-984D-4D14-B529-B6857B608C2C}.Debug|Any CPU.ActiveCfg = Debug|Any CPU
		{8BD383CA-984D-4D14-B529-B6857B608C2C}.Debug|Any CPU.Build.0 = Debug|Any CPU
		{8BD383CA-984D-4D14-B529-B6857B608C2C}.Release|Any CPU.ActiveCfg = Release|Any CPU
		{8BD383CA-984D-4D14-B529-B6857B608C2C}.Release|Any CPU.Build.0 = Release|Any CPU
	EndGlobalSection
	GlobalSection(SolutionProperties) = preSolution
		HideSolutionNode = FALSE
	EndGlobalSection
	GlobalSection(ExtensibilityGlobals) = postSolution
		SolutionGuid = {891A185F-98FC-40F4-9FDF-13207BF014A2}
	EndGlobalSection
EndGlobal
